
Microsoft Visual Studio Solution File, Format Version 12.00
# Visual Studio Version 16
VisualStudioVersion = 25.0.1703.6
MinimumVisualStudioVersion = 10.0.40219.1
Project("{FAE04EC0-301F-11D3-BF4B-00C04F79EFBC}") = "Project1", "Project1\Project1.csproj", "{73E562C5-0116-4310-B31A-F7AE9260AD9C}"
EndProject
Project("{FAE04EC0-301F-11D3-BF4B-00C04F79EFBC}") = "Lesson3", "Lesson3\Lesson3.csproj", "{EA510CEA-519C-4C40-8F70-7F3CB27F44DC}"
EndProject
Project("{FAE04EC0-301F-11D3-BF4B-00C04F79EFBC}") = "Lesson3.1", "Lesson3.1\Lesson3.1.csproj", "{FE78C482-8E2D-498F-8E23-2F04FE86B603}"
EndProject
Project("{FAE04EC0-301F-11D3-BF4B-00C04F79EFBC}") = "Lesson3.2", "Lesson3.2\Lesson3.2.csproj", "{53C5AF78-1311-4029-918D-EAED357E9B43}"
EndProject
Project("{FAE04EC0-301F-11D3-BF4B-00C04F79EFBC}") = "Homework3", "Homework\Homework3.csproj", "{D8C23B8E-8061-485F-B27A-ABD25D06B059}"
EndProject
Project("{FAE04EC0-301F-11D3-BF4B-00C04F79EFBC}") = "Lesson4", "Lesson4\Lesson4.csproj", "{036116DA-B1E4-4D8B-BF1D-C94850B41802}"
EndProject
Project("{FAE04EC0-301F-11D3-BF4B-00C04F79EFBC}") = "Homework4", "Homework4\Homework4.csproj", "{6E304BB7-D478-4A6B-B8D8-14F8A190C71E}"
EndProject
Project("{FAE04EC0-301F-11D3-BF4B-00C04F79EFBC}") = "Lesson5", "Lesson5\Lesson5.csproj", "{FF5CD53A-5D26-46F7-A8FA-4B07F7B31152}"
EndProject
Project("{FAE04EC0-301F-11D3-BF4B-00C04F79EFBC}") = "Homework5", "Homework5\Homework5.csproj", "{30385DF7-60AB-4C3A-A880-055B4F86A573}"
EndProject
Project("{FAE04EC0-301F-11D3-BF4B-00C04F79EFBC}") = "Lesson6", "Lesson6\Lesson6.csproj", "{73D18656-49FA-4EAF-88D4-DC22D19570FB}"
EndProject
Project("{FAE04EC0-301F-11D3-BF4B-00C04F79EFBC}") = "Homework6", "Homework6\Homework6.csproj", "{03529EDC-1BC1-44CA-90E9-26C29CD79D5D}"
EndProject
Project("{FAE04EC0-301F-11D3-BF4B-00C04F79EFBC}") = "Lesson7", "Lesson7\Lesson7.csproj", "{EC9DEFAC-8C46-488A-A097-5FFB5BF567A8}"
EndProject
Global
	GlobalSection(SolutionConfigurationPlatforms) = preSolution
		Debug|Any CPU = Debug|Any CPU
		Release|Any CPU = Release|Any CPU
	EndGlobalSection
	GlobalSection(ProjectConfigurationPlatforms) = postSolution
		{73E562C5-0116-4310-B31A-F7AE9260AD9C}.Debug|Any CPU.ActiveCfg = Debug|Any CPU
		{73E562C5-0116-4310-B31A-F7AE9260AD9C}.Debug|Any CPU.Build.0 = Debug|Any CPU
		{73E562C5-0116-4310-B31A-F7AE9260AD9C}.Release|Any CPU.ActiveCfg = Release|Any CPU
		{73E562C5-0116-4310-B31A-F7AE9260AD9C}.Release|Any CPU.Build.0 = Release|Any CPU
		{EA510CEA-519C-4C40-8F70-7F3CB27F44DC}.Debug|Any CPU.ActiveCfg = Debug|Any CPU
		{EA510CEA-519C-4C40-8F70-7F3CB27F44DC}.Debug|Any CPU.Build.0 = Debug|Any CPU
		{EA510CEA-519C-4C40-8F70-7F3CB27F44DC}.Release|Any CPU.ActiveCfg = Release|Any CPU
		{EA510CEA-519C-4C40-8F70-7F3CB27F44DC}.Release|Any CPU.Build.0 = Release|Any CPU
		{FE78C482-8E2D-498F-8E23-2F04FE86B603}.Debug|Any CPU.ActiveCfg = Debug|Any CPU
		{FE78C482-8E2D-498F-8E23-2F04FE86B603}.Debug|Any CPU.Build.0 = Debug|Any CPU
		{FE78C482-8E2D-498F-8E23-2F04FE86B603}.Release|Any CPU.ActiveCfg = Release|Any CPU
		{FE78C482-8E2D-498F-8E23-2F04FE86B603}.Release|Any CPU.Build.0 = Release|Any CPU
		{53C5AF78-1311-4029-918D-EAED357E9B43}.Debug|Any CPU.ActiveCfg = Debug|Any CPU
		{53C5AF78-1311-4029-918D-EAED357E9B43}.Debug|Any CPU.Build.0 = Debug|Any CPU
		{53C5AF78-1311-4029-918D-EAED357E9B43}.Release|Any CPU.ActiveCfg = Release|Any CPU
		{53C5AF78-1311-4029-918D-EAED357E9B43}.Release|Any CPU.Build.0 = Release|Any CPU
		{D8C23B8E-8061-485F-B27A-ABD25D06B059}.Debug|Any CPU.ActiveCfg = Debug|Any CPU
		{D8C23B8E-8061-485F-B27A-ABD25D06B059}.Debug|Any CPU.Build.0 = Debug|Any CPU
		{D8C23B8E-8061-485F-B27A-ABD25D06B059}.Release|Any CPU.ActiveCfg = Release|Any CPU
		{D8C23B8E-8061-485F-B27A-ABD25D06B059}.Release|Any CPU.Build.0 = Release|Any CPU
		{036116DA-B1E4-4D8B-BF1D-C94850B41802}.Debug|Any CPU.ActiveCfg = Debug|Any CPU
		{036116DA-B1E4-4D8B-BF1D-C94850B41802}.Debug|Any CPU.Build.0 = Debug|Any CPU
		{036116DA-B1E4-4D8B-BF1D-C94850B41802}.Release|Any CPU.ActiveCfg = Release|Any CPU
		{036116DA-B1E4-4D8B-BF1D-C94850B41802}.Release|Any CPU.Build.0 = Release|Any CPU
		{6E304BB7-D478-4A6B-B8D8-14F8A190C71E}.Debug|Any CPU.ActiveCfg = Debug|Any CPU
		{6E304BB7-D478-4A6B-B8D8-14F8A190C71E}.Debug|Any CPU.Build.0 = Debug|Any CPU
		{6E304BB7-D478-4A6B-B8D8-14F8A190C71E}.Release|Any CPU.ActiveCfg = Release|Any CPU
		{6E304BB7-D478-4A6B-B8D8-14F8A190C71E}.Release|Any CPU.Build.0 = Release|Any CPU
		{FF5CD53A-5D26-46F7-A8FA-4B07F7B31152}.Debug|Any CPU.ActiveCfg = Debug|Any CPU
		{FF5CD53A-5D26-46F7-A8FA-4B07F7B31152}.Debug|Any CPU.Build.0 = Debug|Any CPU
		{FF5CD53A-5D26-46F7-A8FA-4B07F7B31152}.Release|Any CPU.ActiveCfg = Release|Any CPU
		{FF5CD53A-5D26-46F7-A8FA-4B07F7B31152}.Release|Any CPU.Build.0 = Release|Any CPU
		{30385DF7-60AB-4C3A-A880-055B4F86A573}.Debug|Any CPU.ActiveCfg = Debug|Any CPU
		{30385DF7-60AB-4C3A-A880-055B4F86A573}.Debug|Any CPU.Build.0 = Debug|Any CPU
		{30385DF7-60AB-4C3A-A880-055B4F86A573}.Release|Any CPU.ActiveCfg = Release|Any CPU
		{30385DF7-60AB-4C3A-A880-055B4F86A573}.Release|Any CPU.Build.0 = Release|Any CPU
		{73D18656-49FA-4EAF-88D4-DC22D19570FB}.Debug|Any CPU.ActiveCfg = Debug|Any CPU
		{73D18656-49FA-4EAF-88D4-DC22D19570FB}.Debug|Any CPU.Build.0 = Debug|Any CPU
		{73D18656-49FA-4EAF-88D4-DC22D19570FB}.Release|Any CPU.ActiveCfg = Release|Any CPU
		{73D18656-49FA-4EAF-88D4-DC22D19570FB}.Release|Any CPU.Build.0 = Release|Any CPU
		{03529EDC-1BC1-44CA-90E9-26C29CD79D5D}.Debug|Any CPU.ActiveCfg = Debug|Any CPU
		{03529EDC-1BC1-44CA-90E9-26C29CD79D5D}.Debug|Any CPU.Build.0 = Debug|Any CPU
		{03529EDC-1BC1-44CA-90E9-26C29CD79D5D}.Release|Any CPU.ActiveCfg = Release|Any CPU
		{03529EDC-1BC1-44CA-90E9-26C29CD79D5D}.Release|Any CPU.Build.0 = Release|Any CPU
		{EC9DEFAC-8C46-488A-A097-5FFB5BF567A8}.Debug|Any CPU.ActiveCfg = Debug|Any CPU
		{EC9DEFAC-8C46-488A-A097-5FFB5BF567A8}.Debug|Any CPU.Build.0 = Debug|Any CPU
		{EC9DEFAC-8C46-488A-A097-5FFB5BF567A8}.Release|Any CPU.ActiveCfg = Release|Any CPU
		{EC9DEFAC-8C46-488A-A097-5FFB5BF567A8}.Release|Any CPU.Build.0 = Release|Any CPU
	EndGlobalSection
	GlobalSection(SolutionProperties) = preSolution
		HideSolutionNode = FALSE
	EndGlobalSection
	GlobalSection(ExtensibilityGlobals) = postSolution
		SolutionGuid = {074147E2-50DB-469E-9633-1985DA522FCB}
	EndGlobalSection
EndGlobal
